
Microsoft Visual Studio Solution File, Format Version 12.00
# Visual Studio 15
VisualStudioVersion = 15.0.27130.2027
MinimumVisualStudioVersion = 10.0.40219.1
Project("{FAE04EC0-301F-11D3-BF4B-00C04F79EFBC}") = "laba10", "laba10\laba10.csproj", "{47A5F82C-6564-42A9-A18D-A8D05BACA422}"
EndProject
Global
	GlobalSection(SolutionConfigurationPlatforms) = preSolution
		Debug|Any CPU = Debug|Any CPU
		Release|Any CPU = Release|Any CPU
	EndGlobalSection
	GlobalSection(ProjectConfigurationPlatforms) = postSolution
		{47A5F82C-6564-42A9-A18D-A8D05BACA422}.Debug|Any CPU.ActiveCfg = Debug|Any CPU
		{47A5F82C-6564-42A9-A18D-A8D05BACA422}.Debug|Any CPU.Build.0 = Debug|Any CPU
		{47A5F82C-6564-42A9-A18D-A8D05BACA422}.Release|Any CPU.ActiveCfg = Release|Any CPU
		{47A5F82C-6564-42A9-A18D-A8D05BACA422}.Release|Any CPU.Build.0 = Release|Any CPU
	EndGlobalSection
	GlobalSection(SolutionProperties) = preSolution
		HideSolutionNode = FALSE
	EndGlobalSection
	GlobalSection(ExtensibilityGlobals) = postSolution
		SolutionGuid = {982FE28F-637C-4360-94E9-BA78D4AC21B3}
	EndGlobalSection
EndGlobal
